
Microsoft Visual Studio Solution File, Format Version 12.00
# Visual Studio 15
VisualStudioVersion = 15.0.28307.168
MinimumVisualStudioVersion = 10.0.40219.1
Project("{FAE04EC0-301F-11D3-BF4B-00C04F79EFBC}") = "TRP.Android", "TRP\TRP.Android\TRP.Android.csproj", "{24CE3C36-16B9-426D-AA0C-5961ECF8D88C}"
EndProject
Project("{FAE04EC0-301F-11D3-BF4B-00C04F79EFBC}") = "TRP.iOS", "TRP\TRP.iOS\TRP.iOS.csproj", "{D225F468-A575-41C3-975C-0711970E4BCB}"
EndProject
Project("{FAE04EC0-301F-11D3-BF4B-00C04F79EFBC}") = "TRP.UWP", "TRP\TRP.UWP\TRP.UWP.csproj", "{3E4A984D-9165-44A9-AD85-D895491A43FB}"
EndProject
Project("{9A19103F-16F7-4668-BE54-9A1E7A4F7556}") = "TRP", "TRP\TRP\TRP.csproj", "{F4B136DD-6E5C-4E66-BCCA-4C5C339E7790}"
EndProject
Project("{FAE04EC0-301F-11D3-BF4B-00C04F79EFBC}") = "TRPUnitTests.Tests1", "TRPUnitTests.Tests1\TRPUnitTests.Tests1.csproj", "{8EDF4429-251A-416D-BB68-93F227191BCF}"
EndProject
Global
	GlobalSection(SolutionConfigurationPlatforms) = preSolution
		Debug|Any CPU = Debug|Any CPU
		Debug|ARM = Debug|ARM
		Debug|iPhone = Debug|iPhone
		Debug|iPhoneSimulator = Debug|iPhoneSimulator
		Debug|x64 = Debug|x64
		Debug|x86 = Debug|x86
		Release|Any CPU = Release|Any CPU
		Release|ARM = Release|ARM
		Release|iPhone = Release|iPhone
		Release|iPhoneSimulator = Release|iPhoneSimulator
		Release|x64 = Release|x64
		Release|x86 = Release|x86
	EndGlobalSection
	GlobalSection(ProjectConfigurationPlatforms) = postSolution
		{24CE3C36-16B9-426D-AA0C-5961ECF8D88C}.Debug|Any CPU.ActiveCfg = Debug|Any CPU
		{24CE3C36-16B9-426D-AA0C-5961ECF8D88C}.Debug|Any CPU.Build.0 = Debug|Any CPU
		{24CE3C36-16B9-426D-AA0C-5961ECF8D88C}.Debug|Any CPU.Deploy.0 = Debug|Any CPU
		{24CE3C36-16B9-426D-AA0C-5961ECF8D88C}.Debug|ARM.ActiveCfg = Debug|Any CPU
		{24CE3C36-16B9-426D-AA0C-5961ECF8D88C}.Debug|ARM.Build.0 = Debug|Any CPU
		{24CE3C36-16B9-426D-AA0C-5961ECF8D88C}.Debug|ARM.Deploy.0 = Debug|Any CPU
		{24CE3C36-16B9-426D-AA0C-5961ECF8D88C}.Debug|iPhone.ActiveCfg = Debug|Any CPU
		{24CE3C36-16B9-426D-AA0C-5961ECF8D88C}.Debug|iPhone.Build.0 = Debug|Any CPU
		{24CE3C36-16B9-426D-AA0C-5961ECF8D88C}.Debug|iPhone.Deploy.0 = Debug|Any CPU
		{24CE3C36-16B9-426D-AA0C-5961ECF8D88C}.Debug|iPhoneSimulator.ActiveCfg = Debug|Any CPU
		{24CE3C36-16B9-426D-AA0C-5961ECF8D88C}.Debug|iPhoneSimulator.Build.0 = Debug|Any CPU
		{24CE3C36-16B9-426D-AA0C-5961ECF8D88C}.Debug|iPhoneSimulator.Deploy.0 = Debug|Any CPU
		{24CE3C36-16B9-426D-AA0C-5961ECF8D88C}.Debug|x64.ActiveCfg = Debug|Any CPU
		{24CE3C36-16B9-426D-AA0C-5961ECF8D88C}.Debug|x64.Build.0 = Debug|Any CPU
		{24CE3C36-16B9-426D-AA0C-5961ECF8D88C}.Debug|x64.Deploy.0 = Debug|Any CPU
		{24CE3C36-16B9-426D-AA0C-5961ECF8D88C}.Debug|x86.ActiveCfg = Debug|Any CPU
		{24CE3C36-16B9-426D-AA0C-5961ECF8D88C}.Debug|x86.Build.0 = Debug|Any CPU
		{24CE3C36-16B9-426D-AA0C-5961ECF8D88C}.Debug|x86.Deploy.0 = Debug|Any CPU
		{24CE3C36-16B9-426D-AA0C-5961ECF8D88C}.Release|Any CPU.ActiveCfg = Release|Any CPU
		{24CE3C36-16B9-426D-AA0C-5961ECF8D88C}.Release|Any CPU.Build.0 = Release|Any CPU
		{24CE3C36-16B9-426D-AA0C-5961ECF8D88C}.Release|Any CPU.Deploy.0 = Release|Any CPU
		{24CE3C36-16B9-426D-AA0C-5961ECF8D88C}.Release|ARM.ActiveCfg = Release|Any CPU
		{24CE3C36-16B9-426D-AA0C-5961ECF8D88C}.Release|ARM.Build.0 = Release|Any CPU
		{24CE3C36-16B9-426D-AA0C-5961ECF8D88C}.Release|ARM.Deploy.0 = Release|Any CPU
		{24CE3C36-16B9-426D-AA0C-5961ECF8D88C}.Release|iPhone.ActiveCfg = Release|Any CPU
		{24CE3C36-16B9-426D-AA0C-5961ECF8D88C}.Release|iPhone.Build.0 = Release|Any CPU
		{24CE3C36-16B9-426D-AA0C-5961ECF8D88C}.Release|iPhone.Deploy.0 = Release|Any CPU
		{24CE3C36-16B9-426D-AA0C-5961ECF8D88C}.Release|iPhoneSimulator.ActiveCfg = Release|Any CPU
		{24CE3C36-16B9-426D-AA0C-5961ECF8D88C}.Release|iPhoneSimulator.Build.0 = Release|Any CPU
		{24CE3C36-16B9-426D-AA0C-5961ECF8D88C}.Release|iPhoneSimulator.Deploy.0 = Release|Any CPU
		{24CE3C36-16B9-426D-AA0C-5961ECF8D88C}.Release|x64.ActiveCfg = Release|Any CPU
		{24CE3C36-16B9-426D-AA0C-5961ECF8D88C}.Release|x64.Build.0 = Release|Any CPU
		{24CE3C36-16B9-426D-AA0C-5961ECF8D88C}.Release|x64.Deploy.0 = Release|Any CPU
		{24CE3C36-16B9-426D-AA0C-5961ECF8D88C}.Release|x86.ActiveCfg = Release|Any CPU
		{24CE3C36-16B9-426D-AA0C-5961ECF8D88C}.Release|x86.Build.0 = Release|Any CPU
		{24CE3C36-16B9-426D-AA0C-5961ECF8D88C}.Release|x86.Deploy.0 = Release|Any CPU
		{D225F468-A575-41C3-975C-0711970E4BCB}.Debug|Any CPU.ActiveCfg = Debug|iPhoneSimulator
		{D225F468-A575-41C3-975C-0711970E4BCB}.Debug|Any CPU.Build.0 = Debug|iPhoneSimulator
		{D225F468-A575-41C3-975C-0711970E4BCB}.Debug|Any CPU.Deploy.0 = Debug|iPhoneSimulator
		{D225F468-A575-41C3-975C-0711970E4BCB}.Debug|ARM.ActiveCfg = Debug|iPhone
		{D225F468-A575-41C3-975C-0711970E4BCB}.Debug|ARM.Build.0 = Debug|iPhone
		{D225F468-A575-41C3-975C-0711970E4BCB}.Debug|ARM.Deploy.0 = Debug|iPhone
		{D225F468-A575-41C3-975C-0711970E4BCB}.Debug|iPhone.ActiveCfg = Debug|iPhone
		{D225F468-A575-41C3-975C-0711970E4BCB}.Debug|iPhone.Build.0 = Debug|iPhone
		{D225F468-A575-41C3-975C-0711970E4BCB}.Debug|iPhone.Deploy.0 = Debug|iPhone
		{D225F468-A575-41C3-975C-0711970E4BCB}.Debug|iPhoneSimulator.ActiveCfg = Debug|iPhoneSimulator
		{D225F468-A575-41C3-975C-0711970E4BCB}.Debug|iPhoneSimulator.Build.0 = Debug|iPhoneSimulator
		{D225F468-A575-41C3-975C-0711970E4BCB}.Debug|iPhoneSimulator.Deploy.0 = Debug|iPhoneSimulator
		{D225F468-A575-41C3-975C-0711970E4BCB}.Debug|x64.ActiveCfg = Debug|iPhone
		{D225F468-A575-41C3-975C-0711970E4BCB}.Debug|x64.Build.0 = Debug|iPhone
		{D225F468-A575-41C3-975C-0711970E4BCB}.Debug|x64.Deploy.0 = Debug|iPhone
		{D225F468-A575-41C3-975C-0711970E4BCB}.Debug|x86.ActiveCfg = Debug|iPhone
		{D225F468-A575-41C3-975C-0711970E4BCB}.Debug|x86.Build.0 = Debug|iPhone
		{D225F468-A575-41C3-975C-0711970E4BCB}.Debug|x86.Deploy.0 = Debug|iPhone
		{D225F468-A575-41C3-975C-0711970E4BCB}.Release|Any CPU.ActiveCfg = Release|iPhone
		{D225F468-A575-41C3-975C-0711970E4BCB}.Release|Any CPU.Build.0 = Release|iPhone
		{D225F468-A575-41C3-975C-0711970E4BCB}.Release|Any CPU.Deploy.0 = Release|iPhone
		{D225F468-A575-41C3-975C-0711970E4BCB}.Release|ARM.ActiveCfg = Release|iPhone
		{D225F468-A575-41C3-975C-0711970E4BCB}.Release|ARM.Build.0 = Release|iPhone
		{D225F468-A575-41C3-975C-0711970E4BCB}.Release|ARM.Deploy.0 = Release|iPhone
		{D225F468-A575-41C3-975C-0711970E4BCB}.Release|iPhone.ActiveCfg = Release|iPhone
		{D225F468-A575-41C3-975C-0711970E4BCB}.Release|iPhone.Build.0 = Release|iPhone
		{D225F468-A575-41C3-975C-0711970E4BCB}.Release|iPhone.Deploy.0 = Release|iPhone
		{D225F468-A575-41C3-975C-0711970E4BCB}.Release|iPhoneSimulator.ActiveCfg = Release|iPhoneSimulator
		{D225F468-A575-41C3-975C-0711970E4BCB}.Release|iPhoneSimulator.Build.0 = Release|iPhoneSimulator
		{D225F468-A575-41C3-975C-0711970E4BCB}.Release|iPhoneSimulator.Deploy.0 = Release|iPhoneSimulator
		{D225F468-A575-41C3-975C-0711970E4BCB}.Release|x64.ActiveCfg = Release|iPhone
		{D225F468-A575-41C3-975C-0711970E4BCB}.Release|x64.Build.0 = Release|iPhone
		{D225F468-A575-41C3-975C-0711970E4BCB}.Release|x64.Deploy.0 = Release|iPhone
		{D225F468-A575-41C3-975C-0711970E4BCB}.Release|x86.ActiveCfg = Release|iPhone
		{D225F468-A575-41C3-975C-0711970E4BCB}.Release|x86.Build.0 = Release|iPhone
		{D225F468-A575-41C3-975C-0711970E4BCB}.Release|x86.Deploy.0 = Release|iPhone
		{3E4A984D-9165-44A9-AD85-D895491A43FB}.Debug|Any CPU.ActiveCfg = Debug|x86
		{3E4A984D-9165-44A9-AD85-D895491A43FB}.Debug|Any CPU.Build.0 = Debug|x86
		{3E4A984D-9165-44A9-AD85-D895491A43FB}.Debug|Any CPU.Deploy.0 = Debug|x86
		{3E4A984D-9165-44A9-AD85-D895491A43FB}.Debug|ARM.ActiveCfg = Debug|ARM
		{3E4A984D-9165-44A9-AD85-D895491A43FB}.Debug|ARM.Build.0 = Debug|ARM
		{3E4A984D-9165-44A9-AD85-D895491A43FB}.Debug|ARM.Deploy.0 = Debug|ARM
		{3E4A984D-9165-44A9-AD85-D895491A43FB}.Debug|iPhone.ActiveCfg = Debug|x86
		{3E4A984D-9165-44A9-AD85-D895491A43FB}.Debug|iPhone.Build.0 = Debug|x86
		{3E4A984D-9165-44A9-AD85-D895491A43FB}.Debug|iPhone.Deploy.0 = Debug|x86
		{3E4A984D-9165-44A9-AD85-D895491A43FB}.Debug|iPhoneSimulator.ActiveCfg = Debug|x86
		{3E4A984D-9165-44A9-AD85-D895491A43FB}.Debug|iPhoneSimulator.Build.0 = Debug|x86
		{3E4A984D-9165-44A9-AD85-D895491A43FB}.Debug|iPhoneSimulator.Deploy.0 = Debug|x86
		{3E4A984D-9165-44A9-AD85-D895491A43FB}.Debug|x64.ActiveCfg = Debug|x64
		{3E4A984D-9165-44A9-AD85-D895491A43FB}.Debug|x64.Build.0 = Debug|x64
		{3E4A984D-9165-44A9-AD85-D895491A43FB}.Debug|x64.Deploy.0 = Debug|x64
		{3E4A984D-9165-44A9-AD85-D895491A43FB}.Debug|x86.ActiveCfg = Debug|x86
		{3E4A984D-9165-44A9-AD85-D895491A43FB}.Debug|x86.Build.0 = Debug|x86
		{3E4A984D-9165-44A9-AD85-D895491A43FB}.Debug|x86.Deploy.0 = Debug|x86
		{3E4A984D-9165-44A9-AD85-D895491A43FB}.Release|Any CPU.ActiveCfg = Release|x86
		{3E4A984D-9165-44A9-AD85-D895491A43FB}.Release|Any CPU.Build.0 = Release|x86
		{3E4A984D-9165-44A9-AD85-D895491A43FB}.Release|Any CPU.Deploy.0 = Release|x86
		{3E4A984D-9165-44A9-AD85-D895491A43FB}.Release|ARM.ActiveCfg = Release|ARM
		{3E4A984D-9165-44A9-AD85-D895491A43FB}.Release|ARM.Build.0 = Release|ARM
		{3E4A984D-9165-44A9-AD85-D895491A43FB}.Release|ARM.Deploy.0 = Release|ARM
		{3E4A984D-9165-44A9-AD85-D895491A43FB}.Release|iPhone.ActiveCfg = Release|x86
		{3E4A984D-9165-44A9-AD85-D895491A43FB}.Release|iPhone.Build.0 = Release|x86
		{3E4A984D-9165-44A9-AD85-D895491A43FB}.Release|iPhone.Deploy.0 = Release|x86
		{3E4A984D-9165-44A9-AD85-D895491A43FB}.Release|iPhoneSimulator.ActiveCfg = Release|x86
		{3E4A984D-9165-44A9-AD85-D895491A43FB}.Release|iPhoneSimulator.Build.0 = Release|x86
		{3E4A984D-9165-44A9-AD85-D895491A43FB}.Release|iPhoneSimulator.Deploy.0 = Release|x86
		{3E4A984D-9165-44A9-AD85-D895491A43FB}.Release|x64.ActiveCfg = Release|x64
		{3E4A984D-9165-44A9-AD85-D895491A43FB}.Release|x64.Build.0 = Release|x64
		{3E4A984D-9165-44A9-AD85-D895491A43FB}.Release|x64.Deploy.0 = Release|x64
		{3E4A984D-9165-44A9-AD85-D895491A43FB}.Release|x86.ActiveCfg = Release|x86
		{3E4A984D-9165-44A9-AD85-D895491A43FB}.Release|x86.Build.0 = Release|x86
		{3E4A984D-9165-44A9-AD85-D895491A43FB}.Release|x86.Deploy.0 = Release|x86
		{F4B136DD-6E5C-4E66-BCCA-4C5C339E7790}.Debug|Any CPU.ActiveCfg = Debug|Any CPU
		{F4B136DD-6E5C-4E66-BCCA-4C5C339E7790}.Debug|Any CPU.Build.0 = Debug|Any CPU
		{F4B136DD-6E5C-4E66-BCCA-4C5C339E7790}.Debug|Any CPU.Deploy.0 = Debug|Any CPU
		{F4B136DD-6E5C-4E66-BCCA-4C5C339E7790}.Debug|ARM.ActiveCfg = Debug|Any CPU
		{F4B136DD-6E5C-4E66-BCCA-4C5C339E7790}.Debug|ARM.Build.0 = Debug|Any CPU
		{F4B136DD-6E5C-4E66-BCCA-4C5C339E7790}.Debug|ARM.Deploy.0 = Debug|Any CPU
		{F4B136DD-6E5C-4E66-BCCA-4C5C339E7790}.Debug|iPhone.ActiveCfg = Debug|Any CPU
		{F4B136DD-6E5C-4E66-BCCA-4C5C339E7790}.Debug|iPhone.Build.0 = Debug|Any CPU
		{F4B136DD-6E5C-4E66-BCCA-4C5C339E7790}.Debug|iPhone.Deploy.0 = Debug|Any CPU
		{F4B136DD-6E5C-4E66-BCCA-4C5C339E7790}.Debug|iPhoneSimulator.ActiveCfg = Debug|Any CPU
		{F4B136DD-6E5C-4E66-BCCA-4C5C339E7790}.Debug|iPhoneSimulator.Build.0 = Debug|Any CPU
		{F4B136DD-6E5C-4E66-BCCA-4C5C339E7790}.Debug|iPhoneSimulator.Deploy.0 = Debug|Any CPU
		{F4B136DD-6E5C-4E66-BCCA-4C5C339E7790}.Debug|x64.ActiveCfg = Debug|Any CPU
		{F4B136DD-6E5C-4E66-BCCA-4C5C339E7790}.Debug|x64.Build.0 = Debug|Any CPU
		{F4B136DD-6E5C-4E66-BCCA-4C5C339E7790}.Debug|x64.Deploy.0 = Debug|Any CPU
		{F4B136DD-6E5C-4E66-BCCA-4C5C339E7790}.Debug|x86.ActiveCfg = Debug|Any CPU
		{F4B136DD-6E5C-4E66-BCCA-4C5C339E7790}.Debug|x86.Build.0 = Debug|Any CPU
		{F4B136DD-6E5C-4E66-BCCA-4C5C339E7790}.Debug|x86.Deploy.0 = Debug|Any CPU
		{F4B136DD-6E5C-4E66-BCCA-4C5C339E7790}.Release|Any CPU.ActiveCfg = Release|Any CPU
		{F4B136DD-6E5C-4E66-BCCA-4C5C339E7790}.Release|Any CPU.Build.0 = Release|Any CPU
		{F4B136DD-6E5C-4E66-BCCA-4C5C339E7790}.Release|Any CPU.Deploy.0 = Release|Any CPU
		{F4B136DD-6E5C-4E66-BCCA-4C5C339E7790}.Release|ARM.ActiveCfg = Release|Any CPU
		{F4B136DD-6E5C-4E66-BCCA-4C5C339E7790}.Release|ARM.Build.0 = Release|Any CPU
		{F4B136DD-6E5C-4E66-BCCA-4C5C339E7790}.Release|ARM.Deploy.0 = Release|Any CPU
		{F4B136DD-6E5C-4E66-BCCA-4C5C339E7790}.Release|iPhone.ActiveCfg = Release|Any CPU
		{F4B136DD-6E5C-4E66-BCCA-4C5C339E7790}.Release|iPhone.Build.0 = Release|Any CPU
		{F4B136DD-6E5C-4E66-BCCA-4C5C339E7790}.Release|iPhone.Deploy.0 = Release|Any CPU
		{F4B136DD-6E5C-4E66-BCCA-4C5C339E7790}.Release|iPhoneSimulator.ActiveCfg = Release|Any CPU
		{F4B136DD-6E5C-4E66-BCCA-4C5C339E7790}.Release|iPhoneSimulator.Build.0 = Release|Any CPU
		{F4B136DD-6E5C-4E66-BCCA-4C5C339E7790}.Release|iPhoneSimulator.Deploy.0 = Release|Any CPU
		{F4B136DD-6E5C-4E66-BCCA-4C5C339E7790}.Release|x64.ActiveCfg = Release|Any CPU
		{F4B136DD-6E5C-4E66-BCCA-4C5C339E7790}.Release|x64.Build.0 = Release|Any CPU
		{F4B136DD-6E5C-4E66-BCCA-4C5C339E7790}.Release|x64.Deploy.0 = Release|Any CPU
		{F4B136DD-6E5C-4E66-BCCA-4C5C339E7790}.Release|x86.ActiveCfg = Release|Any CPU
		{F4B136DD-6E5C-4E66-BCCA-4C5C339E7790}.Release|x86.Build.0 = Release|Any CPU
		{F4B136DD-6E5C-4E66-BCCA-4C5C339E7790}.Release|x86.Deploy.0 = Release|Any CPU
		{8EDF4429-251A-416D-BB68-93F227191BCF}.Debug|Any CPU.ActiveCfg = Debug|Any CPU
		{8EDF4429-251A-416D-BB68-93F227191BCF}.Debug|Any CPU.Build.0 = Debug|Any CPU
		{8EDF4429-251A-416D-BB68-93F227191BCF}.Debug|ARM.ActiveCfg = Debug|Any CPU
		{8EDF4429-251A-416D-BB68-93F227191BCF}.Debug|ARM.Build.0 = Debug|Any CPU
		{8EDF4429-251A-416D-BB68-93F227191BCF}.Debug|iPhone.ActiveCfg = Debug|Any CPU
		{8EDF4429-251A-416D-BB68-93F227191BCF}.Debug|iPhone.Build.0 = Debug|Any CPU
		{8EDF4429-251A-416D-BB68-93F227191BCF}.Debug|iPhoneSimulator.ActiveCfg = Debug|Any CPU
		{8EDF4429-251A-416D-BB68-93F227191BCF}.Debug|iPhoneSimulator.Build.0 = Debug|Any CPU
		{8EDF4429-251A-416D-BB68-93F227191BCF}.Debug|x64.ActiveCfg = Debug|Any CPU
		{8EDF4429-251A-416D-BB68-93F227191BCF}.Debug|x64.Build.0 = Debug|Any CPU
		{8EDF4429-251A-416D-BB68-93F227191BCF}.Debug|x86.ActiveCfg = Debug|Any CPU
		{8EDF4429-251A-416D-BB68-93F227191BCF}.Debug|x86.Build.0 = Debug|Any CPU
		{8EDF4429-251A-416D-BB68-93F227191BCF}.Release|Any CPU.ActiveCfg = Release|Any CPU
		{8EDF4429-251A-416D-BB68-93F227191BCF}.Release|Any CPU.Build.0 = Release|Any CPU
		{8EDF4429-251A-416D-BB68-93F227191BCF}.Release|ARM.ActiveCfg = Release|Any CPU
		{8EDF4429-251A-416D-BB68-93F227191BCF}.Release|ARM.Build.0 = Release|Any CPU
		{8EDF4429-251A-416D-BB68-93F227191BCF}.Release|iPhone.ActiveCfg = Release|Any CPU
		{8EDF4429-251A-416D-BB68-93F227191BCF}.Release|iPhone.Build.0 = Release|Any CPU
		{8EDF4429-251A-416D-BB68-93F227191BCF}.Release|iPhoneSimulator.ActiveCfg = Release|Any CPU
		{8EDF4429-251A-416D-BB68-93F227191BCF}.Release|iPhoneSimulator.Build.0 = Release|Any CPU
		{8EDF4429-251A-416D-BB68-93F227191BCF}.Release|x64.ActiveCfg = Release|Any CPU
		{8EDF4429-251A-416D-BB68-93F227191BCF}.Release|x64.Build.0 = Release|Any CPU
		{8EDF4429-251A-416D-BB68-93F227191BCF}.Release|x86.ActiveCfg = Release|Any CPU
		{8EDF4429-251A-416D-BB68-93F227191BCF}.Release|x86.Build.0 = Release|Any CPU
	EndGlobalSection
	GlobalSection(SolutionProperties) = preSolution
		HideSolutionNode = FALSE
	EndGlobalSection
	GlobalSection(ExtensibilityGlobals) = postSolution
		SolutionGuid = {6576DA94-558A-4D8C-9888-EE14E906A073}
	EndGlobalSection
EndGlobal
