
Microsoft Visual Studio Solution File, Format Version 12.00
# Visual Studio 15
VisualStudioVersion = 15.0.28307.168
MinimumVisualStudioVersion = 10.0.40219.1
Project("{FAE04EC0-301F-11D3-BF4B-00C04F79EFBC}") = "TRP.Android", "TRP\TRP.Android\TRP.Android.csproj", "{24CE3C36-16B9-426D-AA0C-5961ECF8D88C}"
EndProject
Project("{FAE04EC0-301F-11D3-BF4B-00C04F79EFBC}") = "TRP.iOS", "TRP\TRP.iOS\TRP.iOS.csproj", "{2DD027EF-CA34-4D08-AE27-B60058980689}"
EndProject
Project("{FAE04EC0-301F-11D3-BF4B-00C04F79EFBC}") = "TRP.UWP", "TRP\TRP.UWP\TRP.UWP.csproj", "{B40529DE-3478-484C-9C0B-BBC93AA8184F}"
EndProject
Project("{FAE04EC0-301F-11D3-BF4B-00C04F79EFBC}") = "TRP", "TRP\TRP\TRP.csproj", "{13D8B5B5-9CFE-4DC2-8474-C9A9FA8711E7}"
EndProject
Global
	GlobalSection(SolutionConfigurationPlatforms) = preSolution
		Debug|Any CPU = Debug|Any CPU
		Debug|ARM = Debug|ARM
		Debug|iPhone = Debug|iPhone
		Debug|iPhoneSimulator = Debug|iPhoneSimulator
		Debug|x64 = Debug|x64
		Debug|x86 = Debug|x86
		Release|Any CPU = Release|Any CPU
		Release|ARM = Release|ARM
		Release|iPhone = Release|iPhone
		Release|iPhoneSimulator = Release|iPhoneSimulator
		Release|x64 = Release|x64
		Release|x86 = Release|x86
	EndGlobalSection
	GlobalSection(ProjectConfigurationPlatforms) = postSolution
		{24CE3C36-16B9-426D-AA0C-5961ECF8D88C}.Debug|Any CPU.ActiveCfg = Debug|Any CPU
		{24CE3C36-16B9-426D-AA0C-5961ECF8D88C}.Debug|Any CPU.Build.0 = Debug|Any CPU
		{24CE3C36-16B9-426D-AA0C-5961ECF8D88C}.Debug|Any CPU.Deploy.0 = Debug|Any CPU
		{24CE3C36-16B9-426D-AA0C-5961ECF8D88C}.Debug|ARM.ActiveCfg = Debug|Any CPU
		{24CE3C36-16B9-426D-AA0C-5961ECF8D88C}.Debug|ARM.Build.0 = Debug|Any CPU
		{24CE3C36-16B9-426D-AA0C-5961ECF8D88C}.Debug|ARM.Deploy.0 = Debug|Any CPU
		{24CE3C36-16B9-426D-AA0C-5961ECF8D88C}.Debug|iPhone.ActiveCfg = Debug|Any CPU
		{24CE3C36-16B9-426D-AA0C-5961ECF8D88C}.Debug|iPhone.Build.0 = Debug|Any CPU
		{24CE3C36-16B9-426D-AA0C-5961ECF8D88C}.Debug|iPhone.Deploy.0 = Debug|Any CPU
		{24CE3C36-16B9-426D-AA0C-5961ECF8D88C}.Debug|iPhoneSimulator.ActiveCfg = Debug|Any CPU
		{24CE3C36-16B9-426D-AA0C-5961ECF8D88C}.Debug|iPhoneSimulator.Build.0 = Debug|Any CPU
		{24CE3C36-16B9-426D-AA0C-5961ECF8D88C}.Debug|iPhoneSimulator.Deploy.0 = Debug|Any CPU
		{24CE3C36-16B9-426D-AA0C-5961ECF8D88C}.Debug|x64.ActiveCfg = Debug|Any CPU
		{24CE3C36-16B9-426D-AA0C-5961ECF8D88C}.Debug|x64.Build.0 = Debug|Any CPU
		{24CE3C36-16B9-426D-AA0C-5961ECF8D88C}.Debug|x64.Deploy.0 = Debug|Any CPU
		{24CE3C36-16B9-426D-AA0C-5961ECF8D88C}.Debug|x86.ActiveCfg = Debug|Any CPU
		{24CE3C36-16B9-426D-AA0C-5961ECF8D88C}.Debug|x86.Build.0 = Debug|Any CPU
		{24CE3C36-16B9-426D-AA0C-5961ECF8D88C}.Debug|x86.Deploy.0 = Debug|Any CPU
		{24CE3C36-16B9-426D-AA0C-5961ECF8D88C}.Release|Any CPU.ActiveCfg = Release|Any CPU
		{24CE3C36-16B9-426D-AA0C-5961ECF8D88C}.Release|Any CPU.Build.0 = Release|Any CPU
		{24CE3C36-16B9-426D-AA0C-5961ECF8D88C}.Release|Any CPU.Deploy.0 = Release|Any CPU
		{24CE3C36-16B9-426D-AA0C-5961ECF8D88C}.Release|ARM.ActiveCfg = Release|Any CPU
		{24CE3C36-16B9-426D-AA0C-5961ECF8D88C}.Release|ARM.Build.0 = Release|Any CPU
		{24CE3C36-16B9-426D-AA0C-5961ECF8D88C}.Release|ARM.Deploy.0 = Release|Any CPU
		{24CE3C36-16B9-426D-AA0C-5961ECF8D88C}.Release|iPhone.ActiveCfg = Release|Any CPU
		{24CE3C36-16B9-426D-AA0C-5961ECF8D88C}.Release|iPhone.Build.0 = Release|Any CPU
		{24CE3C36-16B9-426D-AA0C-5961ECF8D88C}.Release|iPhone.Deploy.0 = Release|Any CPU
		{24CE3C36-16B9-426D-AA0C-5961ECF8D88C}.Release|iPhoneSimulator.ActiveCfg = Release|Any CPU
		{24CE3C36-16B9-426D-AA0C-5961ECF8D88C}.Release|iPhoneSimulator.Build.0 = Release|Any CPU
		{24CE3C36-16B9-426D-AA0C-5961ECF8D88C}.Release|iPhoneSimulator.Deploy.0 = Release|Any CPU
		{24CE3C36-16B9-426D-AA0C-5961ECF8D88C}.Release|x64.ActiveCfg = Release|Any CPU
		{24CE3C36-16B9-426D-AA0C-5961ECF8D88C}.Release|x64.Build.0 = Release|Any CPU
		{24CE3C36-16B9-426D-AA0C-5961ECF8D88C}.Release|x64.Deploy.0 = Release|Any CPU
		{24CE3C36-16B9-426D-AA0C-5961ECF8D88C}.Release|x86.ActiveCfg = Release|Any CPU
		{24CE3C36-16B9-426D-AA0C-5961ECF8D88C}.Release|x86.Build.0 = Release|Any CPU
		{24CE3C36-16B9-426D-AA0C-5961ECF8D88C}.Release|x86.Deploy.0 = Release|Any CPU
		{2DD027EF-CA34-4D08-AE27-B60058980689}.Debug|Any CPU.ActiveCfg = Debug|iPhoneSimulator
		{2DD027EF-CA34-4D08-AE27-B60058980689}.Debug|Any CPU.Build.0 = Debug|iPhoneSimulator
		{2DD027EF-CA34-4D08-AE27-B60058980689}.Debug|Any CPU.Deploy.0 = Debug|iPhoneSimulator
		{2DD027EF-CA34-4D08-AE27-B60058980689}.Debug|ARM.ActiveCfg = Debug|iPhone
		{2DD027EF-CA34-4D08-AE27-B60058980689}.Debug|ARM.Build.0 = Debug|iPhone
		{2DD027EF-CA34-4D08-AE27-B60058980689}.Debug|ARM.Deploy.0 = Debug|iPhone
		{2DD027EF-CA34-4D08-AE27-B60058980689}.Debug|iPhone.ActiveCfg = Debug|iPhone
		{2DD027EF-CA34-4D08-AE27-B60058980689}.Debug|iPhone.Build.0 = Debug|iPhone
		{2DD027EF-CA34-4D08-AE27-B60058980689}.Debug|iPhone.Deploy.0 = Debug|iPhone
		{2DD027EF-CA34-4D08-AE27-B60058980689}.Debug|iPhoneSimulator.ActiveCfg = Debug|iPhoneSimulator
		{2DD027EF-CA34-4D08-AE27-B60058980689}.Debug|iPhoneSimulator.Build.0 = Debug|iPhoneSimulator
		{2DD027EF-CA34-4D08-AE27-B60058980689}.Debug|iPhoneSimulator.Deploy.0 = Debug|iPhoneSimulator
		{2DD027EF-CA34-4D08-AE27-B60058980689}.Debug|x64.ActiveCfg = Debug|iPhone
		{2DD027EF-CA34-4D08-AE27-B60058980689}.Debug|x64.Build.0 = Debug|iPhone
		{2DD027EF-CA34-4D08-AE27-B60058980689}.Debug|x64.Deploy.0 = Debug|iPhone
		{2DD027EF-CA34-4D08-AE27-B60058980689}.Debug|x86.ActiveCfg = Debug|iPhone
		{2DD027EF-CA34-4D08-AE27-B60058980689}.Debug|x86.Build.0 = Debug|iPhone
		{2DD027EF-CA34-4D08-AE27-B60058980689}.Debug|x86.Deploy.0 = Debug|iPhone
		{2DD027EF-CA34-4D08-AE27-B60058980689}.Release|Any CPU.ActiveCfg = Release|iPhone
		{2DD027EF-CA34-4D08-AE27-B60058980689}.Release|Any CPU.Build.0 = Release|iPhone
		{2DD027EF-CA34-4D08-AE27-B60058980689}.Release|Any CPU.Deploy.0 = Release|iPhone
		{2DD027EF-CA34-4D08-AE27-B60058980689}.Release|ARM.ActiveCfg = Release|iPhone
		{2DD027EF-CA34-4D08-AE27-B60058980689}.Release|ARM.Build.0 = Release|iPhone
		{2DD027EF-CA34-4D08-AE27-B60058980689}.Release|ARM.Deploy.0 = Release|iPhone
		{2DD027EF-CA34-4D08-AE27-B60058980689}.Release|iPhone.ActiveCfg = Release|iPhone
		{2DD027EF-CA34-4D08-AE27-B60058980689}.Release|iPhone.Build.0 = Release|iPhone
		{2DD027EF-CA34-4D08-AE27-B60058980689}.Release|iPhone.Deploy.0 = Release|iPhone
		{2DD027EF-CA34-4D08-AE27-B60058980689}.Release|iPhoneSimulator.ActiveCfg = Release|iPhoneSimulator
		{2DD027EF-CA34-4D08-AE27-B60058980689}.Release|iPhoneSimulator.Build.0 = Release|iPhoneSimulator
		{2DD027EF-CA34-4D08-AE27-B60058980689}.Release|iPhoneSimulator.Deploy.0 = Release|iPhoneSimulator
		{2DD027EF-CA34-4D08-AE27-B60058980689}.Release|x64.ActiveCfg = Release|iPhone
		{2DD027EF-CA34-4D08-AE27-B60058980689}.Release|x64.Build.0 = Release|iPhone
		{2DD027EF-CA34-4D08-AE27-B60058980689}.Release|x64.Deploy.0 = Release|iPhone
		{2DD027EF-CA34-4D08-AE27-B60058980689}.Release|x86.ActiveCfg = Release|iPhone
		{2DD027EF-CA34-4D08-AE27-B60058980689}.Release|x86.Build.0 = Release|iPhone
		{2DD027EF-CA34-4D08-AE27-B60058980689}.Release|x86.Deploy.0 = Release|iPhone
		{B40529DE-3478-484C-9C0B-BBC93AA8184F}.Debug|Any CPU.ActiveCfg = Debug|x86
		{B40529DE-3478-484C-9C0B-BBC93AA8184F}.Debug|Any CPU.Build.0 = Debug|x86
		{B40529DE-3478-484C-9C0B-BBC93AA8184F}.Debug|Any CPU.Deploy.0 = Debug|x86
		{B40529DE-3478-484C-9C0B-BBC93AA8184F}.Debug|ARM.ActiveCfg = Debug|ARM
		{B40529DE-3478-484C-9C0B-BBC93AA8184F}.Debug|ARM.Build.0 = Debug|ARM
		{B40529DE-3478-484C-9C0B-BBC93AA8184F}.Debug|ARM.Deploy.0 = Debug|ARM
		{B40529DE-3478-484C-9C0B-BBC93AA8184F}.Debug|iPhone.ActiveCfg = Debug|x86
		{B40529DE-3478-484C-9C0B-BBC93AA8184F}.Debug|iPhone.Build.0 = Debug|x86
		{B40529DE-3478-484C-9C0B-BBC93AA8184F}.Debug|iPhone.Deploy.0 = Debug|x86
		{B40529DE-3478-484C-9C0B-BBC93AA8184F}.Debug|iPhoneSimulator.ActiveCfg = Debug|x86
		{B40529DE-3478-484C-9C0B-BBC93AA8184F}.Debug|iPhoneSimulator.Build.0 = Debug|x86
		{B40529DE-3478-484C-9C0B-BBC93AA8184F}.Debug|iPhoneSimulator.Deploy.0 = Debug|x86
		{B40529DE-3478-484C-9C0B-BBC93AA8184F}.Debug|x64.ActiveCfg = Debug|x64
		{B40529DE-3478-484C-9C0B-BBC93AA8184F}.Debug|x64.Build.0 = Debug|x64
		{B40529DE-3478-484C-9C0B-BBC93AA8184F}.Debug|x64.Deploy.0 = Debug|x64
		{B40529DE-3478-484C-9C0B-BBC93AA8184F}.Debug|x86.ActiveCfg = Debug|x86
		{B40529DE-3478-484C-9C0B-BBC93AA8184F}.Debug|x86.Build.0 = Debug|x86
		{B40529DE-3478-484C-9C0B-BBC93AA8184F}.Debug|x86.Deploy.0 = Debug|x86
		{B40529DE-3478-484C-9C0B-BBC93AA8184F}.Release|Any CPU.ActiveCfg = Release|x86
		{B40529DE-3478-484C-9C0B-BBC93AA8184F}.Release|Any CPU.Build.0 = Release|x86
		{B40529DE-3478-484C-9C0B-BBC93AA8184F}.Release|Any CPU.Deploy.0 = Release|x86
		{B40529DE-3478-484C-9C0B-BBC93AA8184F}.Release|ARM.ActiveCfg = Release|ARM
		{B40529DE-3478-484C-9C0B-BBC93AA8184F}.Release|ARM.Build.0 = Release|ARM
		{B40529DE-3478-484C-9C0B-BBC93AA8184F}.Release|ARM.Deploy.0 = Release|ARM
		{B40529DE-3478-484C-9C0B-BBC93AA8184F}.Release|iPhone.ActiveCfg = Release|x86
		{B40529DE-3478-484C-9C0B-BBC93AA8184F}.Release|iPhone.Build.0 = Release|x86
		{B40529DE-3478-484C-9C0B-BBC93AA8184F}.Release|iPhone.Deploy.0 = Release|x86
		{B40529DE-3478-484C-9C0B-BBC93AA8184F}.Release|iPhoneSimulator.ActiveCfg = Release|x86
		{B40529DE-3478-484C-9C0B-BBC93AA8184F}.Release|iPhoneSimulator.Build.0 = Release|x86
		{B40529DE-3478-484C-9C0B-BBC93AA8184F}.Release|iPhoneSimulator.Deploy.0 = Release|x86
		{B40529DE-3478-484C-9C0B-BBC93AA8184F}.Release|x64.ActiveCfg = Release|x64
		{B40529DE-3478-484C-9C0B-BBC93AA8184F}.Release|x64.Build.0 = Release|x64
		{B40529DE-3478-484C-9C0B-BBC93AA8184F}.Release|x64.Deploy.0 = Release|x64
		{B40529DE-3478-484C-9C0B-BBC93AA8184F}.Release|x86.ActiveCfg = Release|x86
		{B40529DE-3478-484C-9C0B-BBC93AA8184F}.Release|x86.Build.0 = Release|x86
		{B40529DE-3478-484C-9C0B-BBC93AA8184F}.Release|x86.Deploy.0 = Release|x86
		{13D8B5B5-9CFE-4DC2-8474-C9A9FA8711E7}.Debug|Any CPU.ActiveCfg = Debug|Any CPU
		{13D8B5B5-9CFE-4DC2-8474-C9A9FA8711E7}.Debug|Any CPU.Build.0 = Debug|Any CPU
		{13D8B5B5-9CFE-4DC2-8474-C9A9FA8711E7}.Debug|Any CPU.Deploy.0 = Debug|Any CPU
		{13D8B5B5-9CFE-4DC2-8474-C9A9FA8711E7}.Debug|ARM.ActiveCfg = Debug|Any CPU
		{13D8B5B5-9CFE-4DC2-8474-C9A9FA8711E7}.Debug|ARM.Build.0 = Debug|Any CPU
		{13D8B5B5-9CFE-4DC2-8474-C9A9FA8711E7}.Debug|ARM.Deploy.0 = Debug|Any CPU
		{13D8B5B5-9CFE-4DC2-8474-C9A9FA8711E7}.Debug|iPhone.ActiveCfg = Debug|Any CPU
		{13D8B5B5-9CFE-4DC2-8474-C9A9FA8711E7}.Debug|iPhone.Build.0 = Debug|Any CPU
		{13D8B5B5-9CFE-4DC2-8474-C9A9FA8711E7}.Debug|iPhone.Deploy.0 = Debug|Any CPU
		{13D8B5B5-9CFE-4DC2-8474-C9A9FA8711E7}.Debug|iPhoneSimulator.ActiveCfg = Debug|Any CPU
		{13D8B5B5-9CFE-4DC2-8474-C9A9FA8711E7}.Debug|iPhoneSimulator.Build.0 = Debug|Any CPU
		{13D8B5B5-9CFE-4DC2-8474-C9A9FA8711E7}.Debug|iPhoneSimulator.Deploy.0 = Debug|Any CPU
		{13D8B5B5-9CFE-4DC2-8474-C9A9FA8711E7}.Debug|x64.ActiveCfg = Debug|Any CPU
		{13D8B5B5-9CFE-4DC2-8474-C9A9FA8711E7}.Debug|x64.Build.0 = Debug|Any CPU
		{13D8B5B5-9CFE-4DC2-8474-C9A9FA8711E7}.Debug|x64.Deploy.0 = Debug|Any CPU
		{13D8B5B5-9CFE-4DC2-8474-C9A9FA8711E7}.Debug|x86.ActiveCfg = Debug|Any CPU
		{13D8B5B5-9CFE-4DC2-8474-C9A9FA8711E7}.Debug|x86.Build.0 = Debug|Any CPU
		{13D8B5B5-9CFE-4DC2-8474-C9A9FA8711E7}.Debug|x86.Deploy.0 = Debug|Any CPU
		{13D8B5B5-9CFE-4DC2-8474-C9A9FA8711E7}.Release|Any CPU.ActiveCfg = Release|Any CPU
		{13D8B5B5-9CFE-4DC2-8474-C9A9FA8711E7}.Release|Any CPU.Build.0 = Release|Any CPU
		{13D8B5B5-9CFE-4DC2-8474-C9A9FA8711E7}.Release|Any CPU.Deploy.0 = Release|Any CPU
		{13D8B5B5-9CFE-4DC2-8474-C9A9FA8711E7}.Release|ARM.ActiveCfg = Release|Any CPU
		{13D8B5B5-9CFE-4DC2-8474-C9A9FA8711E7}.Release|ARM.Build.0 = Release|Any CPU
		{13D8B5B5-9CFE-4DC2-8474-C9A9FA8711E7}.Release|ARM.Deploy.0 = Release|Any CPU
		{13D8B5B5-9CFE-4DC2-8474-C9A9FA8711E7}.Release|iPhone.ActiveCfg = Release|Any CPU
		{13D8B5B5-9CFE-4DC2-8474-C9A9FA8711E7}.Release|iPhone.Build.0 = Release|Any CPU
		{13D8B5B5-9CFE-4DC2-8474-C9A9FA8711E7}.Release|iPhone.Deploy.0 = Release|Any CPU
		{13D8B5B5-9CFE-4DC2-8474-C9A9FA8711E7}.Release|iPhoneSimulator.ActiveCfg = Release|Any CPU
		{13D8B5B5-9CFE-4DC2-8474-C9A9FA8711E7}.Release|iPhoneSimulator.Build.0 = Release|Any CPU
		{13D8B5B5-9CFE-4DC2-8474-C9A9FA8711E7}.Release|iPhoneSimulator.Deploy.0 = Release|Any CPU
		{13D8B5B5-9CFE-4DC2-8474-C9A9FA8711E7}.Release|x64.ActiveCfg = Release|Any CPU
		{13D8B5B5-9CFE-4DC2-8474-C9A9FA8711E7}.Release|x64.Build.0 = Release|Any CPU
		{13D8B5B5-9CFE-4DC2-8474-C9A9FA8711E7}.Release|x64.Deploy.0 = Release|Any CPU
		{13D8B5B5-9CFE-4DC2-8474-C9A9FA8711E7}.Release|x86.ActiveCfg = Release|Any CPU
		{13D8B5B5-9CFE-4DC2-8474-C9A9FA8711E7}.Release|x86.Build.0 = Release|Any CPU
		{13D8B5B5-9CFE-4DC2-8474-C9A9FA8711E7}.Release|x86.Deploy.0 = Release|Any CPU
	EndGlobalSection
	GlobalSection(SolutionProperties) = preSolution
		HideSolutionNode = FALSE
	EndGlobalSection
	GlobalSection(ExtensibilityGlobals) = postSolution
		SolutionGuid = {2C94EE0D-92AB-4BCF-B35B-0D6FBE5B6558}
	EndGlobalSection
EndGlobal
